
Microsoft Visual Studio Solution File, Format Version 12.00
# Visual Studio 15
VisualStudioVersion = 15.0.27130.2027
MinimumVisualStudioVersion = 10.0.40219.1
Project("{FAE04EC0-301F-11D3-BF4B-00C04F79EFBC}") = "BankingSystem", "BankingSystem\BankingSystem.csproj", "{CE23F93A-FFED-48ED-9839-753E86F14A72}"
EndProject
Project("{FAE04EC0-301F-11D3-BF4B-00C04F79EFBC}") = "BankingSystem.Models", "BankingSystem.Models\BankingSystem.Models.csproj", "{4E11FB37-9CEE-4CDD-A68E-B71E7F970FE1}"
EndProject
Project("{FAE04EC0-301F-11D3-BF4B-00C04F79EFBC}") = "BankingSystem.Data.Access", "BankingSystem.Data.Access\BankingSystem.Data.Access.csproj", "{247B58FC-0029-4E2B-84AA-C6564763FC88}"
EndProject
Project("{FAE04EC0-301F-11D3-BF4B-00C04F79EFBC}") = "BankingSystem.Services.Api", "BankingSystem.Services.Api\BankingSystem.Services.Api.csproj", "{FA555636-BAF4-49C9-870C-6C5D79A911CF}"
EndProject
Project("{FAE04EC0-301F-11D3-BF4B-00C04F79EFBC}") = "BankingSystem.Services", "BankingSystem.Services\BankingSystem.Services.csproj", "{140D1D99-FEE5-4257-A675-6D7F9572924C}"
EndProject
Project("{2150E333-8FDC-42A3-9474-1A3956D46DE8}") = "Solution Items", "Solution Items", "{AB005DF6-2CBD-4F48-82E9-E3B51FB32CB1}"
	ProjectSection(SolutionItems) = preProject
		CustomLab.ruleset = CustomLab.ruleset
	EndProjectSection
EndProject
Global
	GlobalSection(SolutionConfigurationPlatforms) = preSolution
		CI|Any CPU = CI|Any CPU
		Debug|Any CPU = Debug|Any CPU
		PROD|Any CPU = PROD|Any CPU
		UAT|Any CPU = UAT|Any CPU
	EndGlobalSection
	GlobalSection(ProjectConfigurationPlatforms) = postSolution
		{CE23F93A-FFED-48ED-9839-753E86F14A72}.CI|Any CPU.ActiveCfg = CI|Any CPU
		{CE23F93A-FFED-48ED-9839-753E86F14A72}.CI|Any CPU.Build.0 = CI|Any CPU
		{CE23F93A-FFED-48ED-9839-753E86F14A72}.Debug|Any CPU.ActiveCfg = Debug|Any CPU
		{CE23F93A-FFED-48ED-9839-753E86F14A72}.Debug|Any CPU.Build.0 = Debug|Any CPU
		{CE23F93A-FFED-48ED-9839-753E86F14A72}.PROD|Any CPU.ActiveCfg = PROD|Any CPU
		{CE23F93A-FFED-48ED-9839-753E86F14A72}.PROD|Any CPU.Build.0 = PROD|Any CPU
		{CE23F93A-FFED-48ED-9839-753E86F14A72}.UAT|Any CPU.ActiveCfg = UAT|Any CPU
		{CE23F93A-FFED-48ED-9839-753E86F14A72}.UAT|Any CPU.Build.0 = UAT|Any CPU
		{4E11FB37-9CEE-4CDD-A68E-B71E7F970FE1}.CI|Any CPU.ActiveCfg = CI|Any CPU
		{4E11FB37-9CEE-4CDD-A68E-B71E7F970FE1}.CI|Any CPU.Build.0 = CI|Any CPU
		{4E11FB37-9CEE-4CDD-A68E-B71E7F970FE1}.Debug|Any CPU.ActiveCfg = Debug|Any CPU
		{4E11FB37-9CEE-4CDD-A68E-B71E7F970FE1}.Debug|Any CPU.Build.0 = Debug|Any CPU
		{4E11FB37-9CEE-4CDD-A68E-B71E7F970FE1}.PROD|Any CPU.ActiveCfg = CI|Any CPU
		{4E11FB37-9CEE-4CDD-A68E-B71E7F970FE1}.PROD|Any CPU.Build.0 = CI|Any CPU
		{4E11FB37-9CEE-4CDD-A68E-B71E7F970FE1}.UAT|Any CPU.ActiveCfg = UAT|Any CPU
		{4E11FB37-9CEE-4CDD-A68E-B71E7F970FE1}.UAT|Any CPU.Build.0 = UAT|Any CPU
		{247B58FC-0029-4E2B-84AA-C6564763FC88}.CI|Any CPU.ActiveCfg = CI|Any CPU
		{247B58FC-0029-4E2B-84AA-C6564763FC88}.CI|Any CPU.Build.0 = CI|Any CPU
		{247B58FC-0029-4E2B-84AA-C6564763FC88}.Debug|Any CPU.ActiveCfg = Debug|Any CPU
		{247B58FC-0029-4E2B-84AA-C6564763FC88}.Debug|Any CPU.Build.0 = Debug|Any CPU
		{247B58FC-0029-4E2B-84AA-C6564763FC88}.PROD|Any CPU.ActiveCfg = UAT|Any CPU
		{247B58FC-0029-4E2B-84AA-C6564763FC88}.PROD|Any CPU.Build.0 = UAT|Any CPU
		{247B58FC-0029-4E2B-84AA-C6564763FC88}.UAT|Any CPU.ActiveCfg = UAT|Any CPU
		{247B58FC-0029-4E2B-84AA-C6564763FC88}.UAT|Any CPU.Build.0 = UAT|Any CPU
		{FA555636-BAF4-49C9-870C-6C5D79A911CF}.CI|Any CPU.ActiveCfg = CI|Any CPU
		{FA555636-BAF4-49C9-870C-6C5D79A911CF}.CI|Any CPU.Build.0 = CI|Any CPU
		{FA555636-BAF4-49C9-870C-6C5D79A911CF}.Debug|Any CPU.ActiveCfg = Debug|Any CPU
		{FA555636-BAF4-49C9-870C-6C5D79A911CF}.Debug|Any CPU.Build.0 = Debug|Any CPU
		{FA555636-BAF4-49C9-870C-6C5D79A911CF}.PROD|Any CPU.ActiveCfg = CI|Any CPU
		{FA555636-BAF4-49C9-870C-6C5D79A911CF}.PROD|Any CPU.Build.0 = CI|Any CPU
		{FA555636-BAF4-49C9-870C-6C5D79A911CF}.UAT|Any CPU.ActiveCfg = UAT|Any CPU
		{FA555636-BAF4-49C9-870C-6C5D79A911CF}.UAT|Any CPU.Build.0 = UAT|Any CPU
		{140D1D99-FEE5-4257-A675-6D7F9572924C}.CI|Any CPU.ActiveCfg = CI|Any CPU
		{140D1D99-FEE5-4257-A675-6D7F9572924C}.CI|Any CPU.Build.0 = CI|Any CPU
		{140D1D99-FEE5-4257-A675-6D7F9572924C}.Debug|Any CPU.ActiveCfg = Debug|Any CPU
		{140D1D99-FEE5-4257-A675-6D7F9572924C}.Debug|Any CPU.Build.0 = Debug|Any CPU
		{140D1D99-FEE5-4257-A675-6D7F9572924C}.PROD|Any CPU.ActiveCfg = UAT|Any CPU
		{140D1D99-FEE5-4257-A675-6D7F9572924C}.PROD|Any CPU.Build.0 = UAT|Any CPU
		{140D1D99-FEE5-4257-A675-6D7F9572924C}.UAT|Any CPU.ActiveCfg = UAT|Any CPU
		{140D1D99-FEE5-4257-A675-6D7F9572924C}.UAT|Any CPU.Build.0 = UAT|Any CPU
	EndGlobalSection
	GlobalSection(SolutionProperties) = preSolution
		HideSolutionNode = FALSE
	EndGlobalSection
	GlobalSection(ExtensibilityGlobals) = postSolution
		SolutionGuid = {02A87000-C9D0-4E8B-B908-7952D8ADA6EA}
	EndGlobalSection
EndGlobal
